
Microsoft Visual Studio Solution File, Format Version 12.00
# Visual Studio 15
VisualStudioVersion = 15.0.28307.852
MinimumVisualStudioVersion = 10.0.40219.1
Project("{FAE04EC0-301F-11D3-BF4B-00C04F79EFBC}") = "PNG-JPG-TO DDS", "PNG-JPG-TO DDS\PNG-JPG-TO DDS.csproj", "{A327D2DD-2DF8-4364-9A34-C5A5351E3260}"
EndProject
Global
	GlobalSection(SolutionConfigurationPlatforms) = preSolution
		Debug|Any CPU = Debug|Any CPU
		Release|Any CPU = Release|Any CPU
	EndGlobalSection
	GlobalSection(ProjectConfigurationPlatforms) = postSolution
		{A327D2DD-2DF8-4364-9A34-C5A5351E3260}.Debug|Any CPU.ActiveCfg = Debug|Any CPU
		{A327D2DD-2DF8-4364-9A34-C5A5351E3260}.Debug|Any CPU.Build.0 = Debug|Any CPU
		{A327D2DD-2DF8-4364-9A34-C5A5351E3260}.Release|Any CPU.ActiveCfg = Release|Any CPU
		{A327D2DD-2DF8-4364-9A34-C5A5351E3260}.Release|Any CPU.Build.0 = Release|Any CPU
	EndGlobalSection
	GlobalSection(SolutionProperties) = preSolution
		HideSolutionNode = FALSE
	EndGlobalSection
	GlobalSection(ExtensibilityGlobals) = postSolution
		SolutionGuid = {D12C960A-E1AF-4912-B1B7-5245DEAD4D28}
	EndGlobalSection
EndGlobal
